{"format_version":"0.1","terraform_version":"0.14.3","planned_values":{"root_module":{"resources":[{"address":"aws_cloudwatch_log_group.production_logs[\"assets\"]","mode":"managed","type":"aws_cloudwatch_log_group","name":"production_logs","index":"assets","provider_name":"registry.terraform.io/hashicorp/aws","schema_version":0,"values":{"kms_key_id":null,"name":"assets_log","name_prefix":null,"retention_in_days":0,"tags":null}},{"address":"aws_cloudwatch_log_group.production_logs[\"media\"]","mode":"managed","type":"aws_cloudwatch_log_group","name":"production_logs","index":"media","provider_name":"registry.terraform.io/hashicorp/aws","schema_version":0,"values":{"kms_key_id":null,"name":"media_log","name_prefix":null,"retention_in_days":0,"tags":null}},{"address":"aws_nat_gateway.example_count[0]","mode":"managed","type":"aws_nat_gateway","name":"example_count","index":0,"provider_name":"registry.terraform.io/hashicorp/aws","schema_version":0,"values":{"allocation_id":null,"connectivity_type":"public","subnet_id":"subnet","tags":null}},{"address":"aws_nat_gateway.example_count[1]","mode":"managed","type":"aws_nat_gateway","name":"example_count","index":1,"provider_name":"registry.terraform.io/hashicorp/aws","schema_version":0,"values":{"allocation_id":null,"connectivity_type":"public","subnet_id":"subnet","tags":null}},{"address":"aws_nat_gateway.example_each[\"assets\"]","mode":"managed","type":"aws_nat_gateway","name":"example_each","index":"assets","provider_name":"registry.terraform.io/hashicorp/aws","schema_version":0,"values":{"allocation_id":null,"connectivity_type":"public","subnet_id":"subnet","tags":{"Name":"assets_nat"},"tags_all":{"Name":"assets_nat"}}},{"address":"aws_nat_gateway.example_each[\"media\"]","mode":"managed","type":"aws_nat_gateway","name":"example_each","index":"media","provider_name":"registry.terraform.io/hashicorp/aws","schema_version":0,"values":{"allocation_id":null,"connectivity_type":"public","subnet_id":"subnet","tags":{"Name":"media_nat"},"tags_all":{"Name":"media_nat"}}}]}},"resource_changes":[{"address":"aws_cloudwatch_log_group.production_logs[\"assets\"]","mode":"managed","type":"aws_cloudwatch_log_group","name":"production_logs","index":"assets","provider_name":"registry.terraform.io/hashicorp/aws","change":{"actions":["create"],"before":null,"after":{"kms_key_id":null,"name":"assets_log","name_prefix":null,"retention_in_days":0,"tags":null},"after_unknown":{"arn":true,"id":true,"tags_all":true}}},{"address":"aws_cloudwatch_log_group.production_logs[\"media\"]","mode":"managed","type":"aws_cloudwatch_log_group","name":"production_logs","index":"media","provider_name":"registry.terraform.io/hashicorp/aws","change":{"actions":["create"],"before":null,"after":{"kms_key_id":null,"name":"media_log","name_prefix":null,"retention_in_days":0,"tags":null},"after_unknown":{"arn":true,"id":true,"tags_all":true}}},{"address":"aws_nat_gateway.example_count[0]","mode":"managed","type":"aws_nat_gateway","name":"example_count","index":0,"provider_name":"registry.terraform.io/hashicorp/aws","change":{"actions":["create"],"before":null,"after":{"allocation_id":null,"connectivity_type":"public","subnet_id":"subnet","tags":null},"after_unknown":{"id":true,"network_interface_id":true,"private_ip":true,"public_ip":true,"tags_all":true}}},{"address":"aws_nat_gateway.example_count[1]","mode":"managed","type":"aws_nat_gateway","name":"example_count","index":1,"provider_name":"registry.terraform.io/hashicorp/aws","change":{"actions":["create"],"before":null,"after":{"allocation_id":null,"connectivity_type":"public","subnet_id":"subnet","tags":null},"after_unknown":{"id":true,"network_interface_id":true,"private_ip":true,"public_ip":true,"tags_all":true}}},{"address":"aws_nat_gateway.example_each[\"assets\"]","mode":"managed","type":"aws_nat_gateway","name":"example_each","index":"assets","provider_name":"registry.terraform.io/hashicorp/aws","change":{"actions":["create"],"before":null,"after":{"allocation_id":null,"connectivity_type":"public","subnet_id":"subnet","tags":{"Name":"assets_nat"},"tags_all":{"Name":"assets_nat"}},"after_unknown":{"id":true,"network_interface_id":true,"private_ip":true,"public_ip":true,"tags":{},"tags_all":{}}}},{"address":"aws_nat_gateway.example_each[\"media\"]","mode":"managed","type":"aws_nat_gateway","name":"example_each","index":"media","provider_name":"registry.terraform.io/hashicorp/aws","change":{"actions":["create"],"before":null,"after":{"allocation_id":null,"connectivity_type":"public","subnet_id":"subnet","tags":{"Name":"media_nat"},"tags_all":{"Name":"media_nat"}},"after_unknown":{"id":true,"network_interface_id":true,"private_ip":true,"public_ip":true,"tags":{},"tags_all":{}}}}],"configuration":{"provider_config":{"aws":{"name":"aws","expressions":{"access_key":{"constant_value":"mock_access_key"},"region":{"constant_value":"us-east-1"},"secret_key":{"constant_value":"mock_secret_key"},"skip_credentials_validation":{"constant_value":true},"skip_requesting_account_id":{"constant_value":true}}}},"root_module":{"resources":[{"address":"aws_cloudwatch_log_group.production_logs","mode":"managed","type":"aws_cloudwatch_log_group","name":"production_logs","provider_config_key":"aws","expressions":{"name":{"references":["each.key"]}},"schema_version":0},{"address":"aws_nat_gateway.example_count","mode":"managed","type":"aws_nat_gateway","name":"example_count","provider_config_key":"aws","expressions":{"subnet_id":{"constant_value":"subnet"}},"schema_version":0,"count_expression":{"constant_value":2}},{"address":"aws_nat_gateway.example_each","mode":"managed","type":"aws_nat_gateway","name":"example_each","provider_config_key":"aws","expressions":{"subnet_id":{"constant_value":"subnet"},"tags":{"references":["each.key"]}},"schema_version":0}]}}}